
Microsoft Visual Studio Solution File, Format Version 12.00
# Visual Studio Version 17
VisualStudioVersion = 17.8.34525.116
MinimumVisualStudioVersion = 10.0.40219.1
Project("{FAE04EC0-301F-11D3-BF4B-00C04F79EFBC}") = "Palindromo", "Palindromo.csproj", "{8C713FD6-2A79-48FC-A20E-5BED2704C9BF}"
EndProject
Global
	GlobalSection(SolutionConfigurationPlatforms) = preSolution
		Debug|Any CPU = Debug|Any CPU
		Release|Any CPU = Release|Any CPU
	EndGlobalSection
	GlobalSection(ProjectConfigurationPlatforms) = postSolution
		{8C713FD6-2A79-48FC-A20E-5BED2704C9BF}.Debug|Any CPU.ActiveCfg = Debug|Any CPU
		{8C713FD6-2A79-48FC-A20E-5BED2704C9BF}.Debug|Any CPU.Build.0 = Debug|Any CPU
		{8C713FD6-2A79-48FC-A20E-5BED2704C9BF}.Release|Any CPU.ActiveCfg = Release|Any CPU
		{8C713FD6-2A79-48FC-A20E-5BED2704C9BF}.Release|Any CPU.Build.0 = Release|Any CPU
	EndGlobalSection
	GlobalSection(SolutionProperties) = preSolution
		HideSolutionNode = FALSE
	EndGlobalSection
	GlobalSection(ExtensibilityGlobals) = postSolution
		SolutionGuid = {4B915168-C882-4CF1-A95C-B7A5CF617E76}
	EndGlobalSection
EndGlobal
